
Microsoft Visual Studio Solution File, Format Version 12.00
# Visual Studio 14
VisualStudioVersion = 14.0.23107.0
MinimumVisualStudioVersion = 10.0.40219.1
Project("{2150E333-8FDC-42A3-9474-1A3956D46DE8}") = ".nuget", ".nuget", "{3E680D40-3ED7-4BAA-9A6C-C0553C751308}"
	ProjectSection(SolutionItems) = preProject
		.nuget\NuGet.Config = .nuget\NuGet.Config
		.nuget\NuGet.exe = .nuget\NuGet.exe
		.nuget\NuGet.targets = .nuget\NuGet.targets
	EndProjectSection
EndProject
Project("{FAE04EC0-301F-11D3-BF4B-00C04F79EFBC}") = "CHeaderGenerator", "CHeaderGenerator\CHeaderGenerator.csproj", "{BA67492B-E42D-4694-9681-E3D766FA2DEB}"
EndProject
Project("{FAE04EC0-301F-11D3-BF4B-00C04F79EFBC}") = "CHeaderGeneratorTests", "CHeaderGeneratorTests\CHeaderGeneratorTests.csproj", "{63DB1F7C-E88D-4202-8AA4-357DE71C6F16}"
EndProject
Project("{FAE04EC0-301F-11D3-BF4B-00C04F79EFBC}") = "NLog.Targets.Custom", "NLog.Targets\NLog.Targets.Custom.csproj", "{2EB7EF03-18C0-46A8-9B75-166279660146}"
EndProject
Global
	GlobalSection(SolutionConfigurationPlatforms) = preSolution
		Debug|Any CPU = Debug|Any CPU
		Debug|Mixed Platforms = Debug|Mixed Platforms
		Debug|Win32 = Debug|Win32
		Release|Any CPU = Release|Any CPU
		Release|Mixed Platforms = Release|Mixed Platforms
		Release|Win32 = Release|Win32
	EndGlobalSection
	GlobalSection(ProjectConfigurationPlatforms) = postSolution
		{BA67492B-E42D-4694-9681-E3D766FA2DEB}.Debug|Any CPU.ActiveCfg = Debug|x86
		{BA67492B-E42D-4694-9681-E3D766FA2DEB}.Debug|Any CPU.Build.0 = Debug|x86
		{BA67492B-E42D-4694-9681-E3D766FA2DEB}.Debug|Mixed Platforms.ActiveCfg = Debug|Any CPU
		{BA67492B-E42D-4694-9681-E3D766FA2DEB}.Debug|Mixed Platforms.Build.0 = Debug|Any CPU
		{BA67492B-E42D-4694-9681-E3D766FA2DEB}.Debug|Win32.ActiveCfg = Debug|x86
		{BA67492B-E42D-4694-9681-E3D766FA2DEB}.Debug|Win32.Build.0 = Debug|x86
		{BA67492B-E42D-4694-9681-E3D766FA2DEB}.Release|Any CPU.ActiveCfg = Debug|x64
		{BA67492B-E42D-4694-9681-E3D766FA2DEB}.Release|Any CPU.Build.0 = Debug|x64
		{BA67492B-E42D-4694-9681-E3D766FA2DEB}.Release|Mixed Platforms.ActiveCfg = Release|Any CPU
		{BA67492B-E42D-4694-9681-E3D766FA2DEB}.Release|Mixed Platforms.Build.0 = Release|Any CPU
		{BA67492B-E42D-4694-9681-E3D766FA2DEB}.Release|Win32.ActiveCfg = Release|x86
		{BA67492B-E42D-4694-9681-E3D766FA2DEB}.Release|Win32.Build.0 = Release|x86
		{63DB1F7C-E88D-4202-8AA4-357DE71C6F16}.Debug|Any CPU.ActiveCfg = Debug|Any CPU
		{63DB1F7C-E88D-4202-8AA4-357DE71C6F16}.Debug|Any CPU.Build.0 = Debug|Any CPU
		{63DB1F7C-E88D-4202-8AA4-357DE71C6F16}.Debug|Mixed Platforms.ActiveCfg = Debug|Any CPU
		{63DB1F7C-E88D-4202-8AA4-357DE71C6F16}.Debug|Mixed Platforms.Build.0 = Debug|Any CPU
		{63DB1F7C-E88D-4202-8AA4-357DE71C6F16}.Debug|Win32.ActiveCfg = Debug|Any CPU
		{63DB1F7C-E88D-4202-8AA4-357DE71C6F16}.Release|Any CPU.ActiveCfg = Release|Any CPU
		{63DB1F7C-E88D-4202-8AA4-357DE71C6F16}.Release|Any CPU.Build.0 = Release|Any CPU
		{63DB1F7C-E88D-4202-8AA4-357DE71C6F16}.Release|Mixed Platforms.ActiveCfg = Release|Any CPU
		{63DB1F7C-E88D-4202-8AA4-357DE71C6F16}.Release|Win32.ActiveCfg = Release|Any CPU
		{2EB7EF03-18C0-46A8-9B75-166279660146}.Debug|Any CPU.ActiveCfg = Debug|Any CPU
		{2EB7EF03-18C0-46A8-9B75-166279660146}.Debug|Any CPU.Build.0 = Debug|Any CPU
		{2EB7EF03-18C0-46A8-9B75-166279660146}.Debug|Mixed Platforms.ActiveCfg = Debug|Any CPU
		{2EB7EF03-18C0-46A8-9B75-166279660146}.Debug|Mixed Platforms.Build.0 = Debug|Any CPU
		{2EB7EF03-18C0-46A8-9B75-166279660146}.Debug|Win32.ActiveCfg = Debug|Any CPU
		{2EB7EF03-18C0-46A8-9B75-166279660146}.Release|Any CPU.ActiveCfg = Release|Any CPU
		{2EB7EF03-18C0-46A8-9B75-166279660146}.Release|Any CPU.Build.0 = Release|Any CPU
		{2EB7EF03-18C0-46A8-9B75-166279660146}.Release|Mixed Platforms.ActiveCfg = Release|Any CPU
		{2EB7EF03-18C0-46A8-9B75-166279660146}.Release|Mixed Platforms.Build.0 = Release|Any CPU
		{2EB7EF03-18C0-46A8-9B75-166279660146}.Release|Win32.ActiveCfg = Release|Any CPU
	EndGlobalSection
	GlobalSection(SolutionProperties) = preSolution
		HideSolutionNode = FALSE
	EndGlobalSection
EndGlobal
